
Microsoft Visual Studio Solution File, Format Version 12.00
# Visual Studio Version 17
VisualStudioVersion = 17.14.37111.16 d17.14
MinimumVisualStudioVersion = 10.0.40219.1
Project("{FAE04EC0-301F-11D3-BF4B-00C04F79EFBC}") = "Blackjack", "Blackjack\Blackjack.csproj", "{4A672035-D7F4-4819-B7C4-7EB7EB2F291B}"
EndProject
Project("{FAE04EC0-301F-11D3-BF4B-00C04F79EFBC}") = "ProductCustomer", "ProductCustomer\ProductCustomer.csproj", "{26B4A7A9-AD25-44D8-B90E-8CADA02A1DFA}"
EndProject
Project("{FAE04EC0-301F-11D3-BF4B-00C04F79EFBC}") = "MexicanTrainDominos", "MexicanTrainDominos\MexicanTrainDominos.csproj", "{810077FB-2522-4D70-B563-F5BD3163A52A}"
EndProject
Global
	GlobalSection(SolutionConfigurationPlatforms) = preSolution
		Debug|Any CPU = Debug|Any CPU
		Release|Any CPU = Release|Any CPU
	EndGlobalSection
	GlobalSection(ProjectConfigurationPlatforms) = postSolution
		{4A672035-D7F4-4819-B7C4-7EB7EB2F291B}.Debug|Any CPU.ActiveCfg = Debug|Any CPU
		{4A672035-D7F4-4819-B7C4-7EB7EB2F291B}.Debug|Any CPU.Build.0 = Debug|Any CPU
		{4A672035-D7F4-4819-B7C4-7EB7EB2F291B}.Release|Any CPU.ActiveCfg = Release|Any CPU
		{4A672035-D7F4-4819-B7C4-7EB7EB2F291B}.Release|Any CPU.Build.0 = Release|Any CPU
		{26B4A7A9-AD25-44D8-B90E-8CADA02A1DFA}.Debug|Any CPU.ActiveCfg = Debug|Any CPU
		{26B4A7A9-AD25-44D8-B90E-8CADA02A1DFA}.Debug|Any CPU.Build.0 = Debug|Any CPU
		{26B4A7A9-AD25-44D8-B90E-8CADA02A1DFA}.Release|Any CPU.ActiveCfg = Release|Any CPU
		{26B4A7A9-AD25-44D8-B90E-8CADA02A1DFA}.Release|Any CPU.Build.0 = Release|Any CPU
		{810077FB-2522-4D70-B563-F5BD3163A52A}.Debug|Any CPU.ActiveCfg = Debug|Any CPU
		{810077FB-2522-4D70-B563-F5BD3163A52A}.Debug|Any CPU.Build.0 = Debug|Any CPU
		{810077FB-2522-4D70-B563-F5BD3163A52A}.Release|Any CPU.ActiveCfg = Release|Any CPU
		{810077FB-2522-4D70-B563-F5BD3163A52A}.Release|Any CPU.Build.0 = Release|Any CPU
	EndGlobalSection
	GlobalSection(SolutionProperties) = preSolution
		HideSolutionNode = FALSE
	EndGlobalSection
	GlobalSection(ExtensibilityGlobals) = postSolution
		SolutionGuid = {164064BB-96F5-44B0-8695-CDBC5C4630D5}
	EndGlobalSection
EndGlobal
